apiVersion: vendir.k14s.io/v1alpha1
directories:
- contents:
  - git:
      commitTitle: Update hashicorp gpg fingerprint...
      sha: bb7cf0657bafdfbb4349d1740810442d09c2248a
      tags:
      - v1.37.0+k3s1
    path: .
  path: modules/k3s/server_node/vendor
- contents:
  - git:
      commitTitle: 'chore(deps): bump google.golang.org/grpc from 1.82.1 to 1.83.1...'
      sha: bec5b06ed841fe5269972d864d5177944fd5970f
      tags:
      - v4.3.0
    path: .
  path: modules/k3s/flux/vendor
kind: LockConfig
